# This file is generated by running "yarn install" inside your project.
# Manual changes might be lost - proceed with caution!

__metadata:
  version: 4

"@datadog/build-plugin@workspace:.":
  version: 0.0.0-use.local
  resolution: "@datadog/build-plugin@workspace:."
  dependencies:
    chalk: 2.3.1
    fs-extra: 7.0.1
  languageName: unknown
  linkType: soft

"ansi-styles@npm:^3.2.0":
  version: 3.2.1
  resolution: "ansi-styles@npm:3.2.1"
  dependencies:
    color-convert: ^1.9.0
  checksum: 2/456e1c23d9277512a47718da75e7fbb0a5ee215ef893c2f76d6b3efe8fceabc861121b80b0362146f5f995d21a1633f05a19bbf6283ae66ac11dc3b9c0bed779
  languageName: node
  linkType: hard

"chalk@npm:2.3.1":
  version: 2.3.1
  resolution: "chalk@npm:2.3.1"
  dependencies:
    ansi-styles: ^3.2.0
    escape-string-regexp: ^1.0.5
    supports-color: ^5.2.0
  checksum: 2/dadd19a62c98d3a4a48e784cf39540ee4780774132329746f4cea6e89579865fa6c9f45dea75b17ab2ef6274031298990930312554dcadaa0e6f210b5141b485
  languageName: node
  linkType: hard

"color-convert@npm:^1.9.0":
  version: 1.9.3
  resolution: "color-convert@npm:1.9.3"
  dependencies:
    color-name: 1.1.3
  checksum: 2/5f244daa3d1fe1f216d48878c550465067d15268688308554e613b7640a068f96588096d51f0b98b68f15d6ff6bb8ad24e172582ac8c0ad43fa4d3da60fd1b79
  languageName: node
  linkType: hard

"color-name@npm:1.1.3":
  version: 1.1.3
  resolution: "color-name@npm:1.1.3"
  checksum: 2/d8b91bb90aefc05b6ff568cf8889566dcc6269824df6f3c9b8ca842b18d7f4d089c07dc166808d33f22092d4a79167aa56a96a5ff0d21efab548bf44614db43b
  languageName: node
  linkType: hard

"escape-string-regexp@npm:^1.0.5":
  version: 1.0.5
  resolution: "escape-string-regexp@npm:1.0.5"
  checksum: 2/f9484b8b4c8827d816e0fd905c25ed4b561376a9c220e1430403ea84619bf680c76a883a48cff8b8e091daf55d6a497e37479f9787b9f15f3c421b6054289744
  languageName: node
  linkType: hard

"fs-extra@npm:7.0.1":
  version: 7.0.1
  resolution: "fs-extra@npm:7.0.1"
  dependencies:
    graceful-fs: ^4.1.2
    jsonfile: ^4.0.0
    universalify: ^0.1.0
  checksum: 2/0de3773953a13b517f053dbfa291166da076cc563cdd8f0ecefc64018ab15d2614f1707860b82e6b0e41695f613c1855f410749bd01bcb585f0243b1018a6595
  languageName: node
  linkType: hard

"graceful-fs@npm:^4.1.2, graceful-fs@npm:^4.1.6":
  version: 4.2.3
  resolution: "graceful-fs@npm:4.2.3"
  checksum: 2/67b7e3f6a687c91287f17a2adfcce462406e2aa16ea4440618e1daaecd579ae6362c0b13303f86c77c165ed8074fa8b0868bb0a73173fa3407c2b747e89353f9
  languageName: node
  linkType: hard

"has-flag@npm:^3.0.0":
  version: 3.0.0
  resolution: "has-flag@npm:3.0.0"
  checksum: 2/63aade480d27aeedb3b5b63a2e069d47d0006bf182338d662e7941cdc024e68a28418e0efa8dc5df30db9c4ee2407f39e6ea3f16cfbc6b83848b450826a28aa0
  languageName: node
  linkType: hard

"jsonfile@npm:^4.0.0":
  version: 4.0.0
  resolution: "jsonfile@npm:4.0.0"
  dependencies:
    graceful-fs: ^4.1.6
  dependenciesMeta:
    graceful-fs:
      optional: true
  checksum: 2/a40b7b64da41c84b0dc7ad753737ba240bb0dc50a94be20ec0b73459707dede69a6f89eb44b4d29e6994ed93ddf8c9b6e57f6b1f09dd707567959880ad6cee7f
  languageName: node
  linkType: hard

"supports-color@npm:^5.2.0":
  version: 5.5.0
  resolution: "supports-color@npm:5.5.0"
  dependencies:
    has-flag: ^3.0.0
  checksum: 2/edacee6425498440744c418be94b0660181aad2a1828bcf2be85c42bd385da2fd8b2b358d9b62b0c5b03ff5cd3e992458d7b8f879d9fb42f2201fe05a4848a29
  languageName: node
  linkType: hard

"universalify@npm:^0.1.0":
  version: 0.1.2
  resolution: "universalify@npm:0.1.2"
  checksum: 2/420fc6547357782c700d53e9a92506a8e95345b13e97684c8f9ab75237912ec2ebb6af8ac10d4f7406b7b6bd21c58f6c5c0811414fb0b4091b78b4743fa6806e
  languageName: node
  linkType: hard
